
Microsoft Visual Studio Solution File, Format Version 12.00
# Visual Studio Version 16
VisualStudioVersion = 16.0.32929.386
MinimumVisualStudioVersion = 10.0.40219.1
Project("{9A19103F-16F7-4668-BE54-9A1E7A4F7556}") = "DataAccess", "DataAccess\DataAccess.csproj", "{9AD82BBA-E31C-41DC-B1ED-7D0A972147F8}"
EndProject
Project("{9A19103F-16F7-4668-BE54-9A1E7A4F7556}") = "Business", "Business\Business.csproj", "{9D13975B-7D7A-428D-B62F-8A304EB9CAC4}"
EndProject
Project("{9A19103F-16F7-4668-BE54-9A1E7A4F7556}") = "Entities", "Entities\Entities.csproj", "{005DE393-B9DB-48B6-89CA-003C1F8FEEE3}"
EndProject
Project("{9A19103F-16F7-4668-BE54-9A1E7A4F7556}") = "ConsoleUI", "ConsoleUI\ConsoleUI.csproj", "{3883468A-63D5-4839-AC9F-B08A244ED12E}"
EndProject
Project("{9A19103F-16F7-4668-BE54-9A1E7A4F7556}") = "Core", "Core\Core.csproj", "{1636DD7A-0C70-48DD-B9EB-B6805E87C983}"
EndProject
Project("{9A19103F-16F7-4668-BE54-9A1E7A4F7556}") = "WebAPI", "WebAPI\WebAPI.csproj", "{CCCC431E-C9D1-48ED-A42E-D36F5E92AA83}"
EndProject
Project("{2150E333-8FDC-42A3-9474-1A3956D46DE8}") = "Solution Items", "Solution Items", "{CCB094B7-F4C0-46CB-8A5F-A1A9FF1AAC78}"
	ProjectSection(SolutionItems) = preProject
		appsettingsjsonnotes.txt = appsettingsjsonnotes.txt
	EndProjectSection
EndProject
Global
	GlobalSection(SolutionConfigurationPlatforms) = preSolution
		Debug|Any CPU = Debug|Any CPU
		Release|Any CPU = Release|Any CPU
	EndGlobalSection
	GlobalSection(ProjectConfigurationPlatforms) = postSolution
		{9AD82BBA-E31C-41DC-B1ED-7D0A972147F8}.Debug|Any CPU.ActiveCfg = Debug|Any CPU
		{9AD82BBA-E31C-41DC-B1ED-7D0A972147F8}.Debug|Any CPU.Build.0 = Debug|Any CPU
		{9AD82BBA-E31C-41DC-B1ED-7D0A972147F8}.Release|Any CPU.ActiveCfg = Release|Any CPU
		{9AD82BBA-E31C-41DC-B1ED-7D0A972147F8}.Release|Any CPU.Build.0 = Release|Any CPU
		{9D13975B-7D7A-428D-B62F-8A304EB9CAC4}.Debug|Any CPU.ActiveCfg = Debug|Any CPU
		{9D13975B-7D7A-428D-B62F-8A304EB9CAC4}.Debug|Any CPU.Build.0 = Debug|Any CPU
		{9D13975B-7D7A-428D-B62F-8A304EB9CAC4}.Release|Any CPU.ActiveCfg = Release|Any CPU
		{9D13975B-7D7A-428D-B62F-8A304EB9CAC4}.Release|Any CPU.Build.0 = Release|Any CPU
		{005DE393-B9DB-48B6-89CA-003C1F8FEEE3}.Debug|Any CPU.ActiveCfg = Debug|Any CPU
		{005DE393-B9DB-48B6-89CA-003C1F8FEEE3}.Debug|Any CPU.Build.0 = Debug|Any CPU
		{005DE393-B9DB-48B6-89CA-003C1F8FEEE3}.Release|Any CPU.ActiveCfg = Release|Any CPU
		{005DE393-B9DB-48B6-89CA-003C1F8FEEE3}.Release|Any CPU.Build.0 = Release|Any CPU
		{3883468A-63D5-4839-AC9F-B08A244ED12E}.Debug|Any CPU.ActiveCfg = Debug|Any CPU
		{3883468A-63D5-4839-AC9F-B08A244ED12E}.Debug|Any CPU.Build.0 = Debug|Any CPU
		{3883468A-63D5-4839-AC9F-B08A244ED12E}.Release|Any CPU.ActiveCfg = Release|Any CPU
		{3883468A-63D5-4839-AC9F-B08A244ED12E}.Release|Any CPU.Build.0 = Release|Any CPU
		{1636DD7A-0C70-48DD-B9EB-B6805E87C983}.Debug|Any CPU.ActiveCfg = Debug|Any CPU
		{1636DD7A-0C70-48DD-B9EB-B6805E87C983}.Debug|Any CPU.Build.0 = Debug|Any CPU
		{1636DD7A-0C70-48DD-B9EB-B6805E87C983}.Release|Any CPU.ActiveCfg = Release|Any CPU
		{1636DD7A-0C70-48DD-B9EB-B6805E87C983}.Release|Any CPU.Build.0 = Release|Any CPU
		{CCCC431E-C9D1-48ED-A42E-D36F5E92AA83}.Debug|Any CPU.ActiveCfg = Debug|Any CPU
		{CCCC431E-C9D1-48ED-A42E-D36F5E92AA83}.Debug|Any CPU.Build.0 = Debug|Any CPU
		{CCCC431E-C9D1-48ED-A42E-D36F5E92AA83}.Release|Any CPU.ActiveCfg = Release|Any CPU
		{CCCC431E-C9D1-48ED-A42E-D36F5E92AA83}.Release|Any CPU.Build.0 = Release|Any CPU
	EndGlobalSection
	GlobalSection(SolutionProperties) = preSolution
		HideSolutionNode = FALSE
	EndGlobalSection
	GlobalSection(ExtensibilityGlobals) = postSolution
		SolutionGuid = {72639A7B-3B4C-452D-A259-40F7A20AF906}
	EndGlobalSection
EndGlobal
